// !$*UTF8*$!
{
	archiveVersion = 1;
	classes = {
	};
	objectVersion = 46;
	objects = {

/* Begin PBXBuildFile section */
		4B8B07951E7DBAD7008D75F0 /* AppDelegate.swift in Sources */ = {isa = PBXBuildFile; fileRef = 4B8B07941E7DBAD7008D75F0 /* AppDelegate.swift */; };
		4B8B07971E7DBAD7008D75F0 /* ViewController.swift in Sources */ = {isa = PBXBuildFile; fileRef = 4B8B07961E7DBAD7008D75F0 /* ViewController.swift */; };
		4B8B079A1E7DBAD7008D75F0 /* Main.storyboard in Resources */ = {isa = PBXBuildFile; fileRef = 4B8B07981E7DBAD7008D75F0 /* Main.storyboard */; };
		4B8B079D1E7DBAD7008D75F0 /* RileyCohnFinalProject.xcdatamodeld in Sources */ = {isa = PBXBuildFile; fileRef = 4B8B079B1E7DBAD7008D75F0 /* RileyCohnFinalProject.xcdatamodeld */; };
		4B8B079F1E7DBAD7008D75F0 /* Assets.xcassets in Resources */ = {isa = PBXBuildFile; fileRef = 4B8B079E1E7DBAD7008D75F0 /* Assets.xcassets */; };
		4B8B07A21E7DBAD7008D75F0 /* LaunchScreen.storyboard in Resources */ = {isa = PBXBuildFile; fileRef = 4B8B07A01E7DBAD7008D75F0 /* LaunchScreen.storyboard */; };
		4B8B07AA1E7DBF18008D75F0 /* DetailViewController.swift in Sources */ = {isa = PBXBuildFile; fileRef = 4B8B07A91E7DBF18008D75F0 /* DetailViewController.swift */; };
		4B8B07AC1E7DC4C5008D75F0 /* GoogleService-Info.plist in Resources */ = {isa = PBXBuildFile; fileRef = 4B8B07AB1E7DC4C5008D75F0 /* GoogleService-Info.plist */; };
		4B935E111EA43DA70022EA6A /* Post.swift in Sources */ = {isa = PBXBuildFile; fileRef = 4B935E101EA43DA70022EA6A /* Post.swift */; };
		4B935E131EA43EA40022EA6A /* User.swift in Sources */ = {isa = PBXBuildFile; fileRef = 4B935E121EA43EA40022EA6A /* User.swift */; };
		4B935E151EA45ADF0022EA6A /* LogInViewController.swift in Sources */ = {isa = PBXBuildFile; fileRef = 4B935E141EA45ADF0022EA6A /* LogInViewController.swift */; };
		4B935E171EA45BB90022EA6A /* RegisterViewController.swift in Sources */ = {isa = PBXBuildFile; fileRef = 4B935E161EA45BB90022EA6A /* RegisterViewController.swift */; };
		4B935E191EA469660022EA6A /* Comment.swift in Sources */ = {isa = PBXBuildFile; fileRef = 4B935E181EA469660022EA6A /* Comment.swift */; };
		4BB3238B1EA2DDCB00C5C35B /* CloudKit.framework in Frameworks */ = {isa = PBXBuildFile; fileRef = 4BB3238A1EA2DDCB00C5C35B /* CloudKit.framework */; settings = {ATTRIBUTES = (Required, ); }; };
		4BB739E21E8077B6006320BF /* star.png in Resources */ = {isa = PBXBuildFile; fileRef = 4BB739E11E8077B6006320BF /* star.png */; };
		4BC200DF1E7F218D0049D469 /* NewPostViewController.swift in Sources */ = {isa = PBXBuildFile; fileRef = 4BC200DE1E7F218D0049D469 /* NewPostViewController.swift */; };
		4BC200E11E7F2D0E0049D469 /* MenuViewController.swift in Sources */ = {isa = PBXBuildFile; fileRef = 4BC200E01E7F2D0E0049D469 /* MenuViewController.swift */; };
		4BC200E31E7F2D9B0049D469 /* profilePic.png in Resources */ = {isa = PBXBuildFile; fileRef = 4BC200E21E7F2D9B0049D469 /* profilePic.png */; };
		4BC200E51E7F38080049D469 /* NewCommentViewController.swift in Sources */ = {isa = PBXBuildFile; fileRef = 4BC200E41E7F38080049D469 /* NewCommentViewController.swift */; };
		4BD1A7171E807C0000266345 /* FavoritesViewController.swift in Sources */ = {isa = PBXBuildFile; fileRef = 4BD1A7161E807C0000266345 /* FavoritesViewController.swift */; };
		965E6410C4A306D3AB0549C3 /* Pods_RileyCohnFinalProject.framework in Frameworks */ = {isa = PBXBuildFile; fileRef = DC9E3B267EB0518F6397639F /* Pods_RileyCohnFinalProject.framework */; };
/* End PBXBuildFile section */

/* Begin PBXFileReference section */
		460C28CEDCA504692F7BDACA /* Pods-RileyCohnFinalProject.release.xcconfig */ = {isa = PBXFileReference; includeInIndex = 1; lastKnownFileType = text.xcconfig; name = "Pods-RileyCohnFinalProject.release.xcconfig"; path = "Pods/Target Support Files/Pods-RileyCohnFinalProject/Pods-RileyCohnFinalProject.release.xcconfig"; sourceTree = "<group>"; };
		4B8B07911E7DBAD7008D75F0 /* RileyCohnFinalProject.app */ = {isa = PBXFileReference; explicitFileType = wrapper.application; includeInIndex = 0; path = RileyCohnFinalProject.app; sourceTree = BUILT_PRODUCTS_DIR; };
		4B8B07941E7DBAD7008D75F0 /* AppDelegate.swift */ = {isa = PBXFileReference; lastKnownFileType = sourcecode.swift; path = AppDelegate.swift; sourceTree = "<group>"; };
		4B8B07961E7DBAD7008D75F0 /* ViewController.swift */ = {isa = PBXFileReference; lastKnownFileType = sourcecode.swift; path = ViewController.swift; sourceTree = "<group>"; };
		4B8B07991E7DBAD7008D75F0 /* Base */ = {isa = PBXFileReference; lastKnownFileType = file.storyboard; name = Base; path = Base.lproj/Main.storyboard; sourceTree = "<group>"; };
		4B8B079C1E7DBAD7008D75F0 /* RileyCohnFinalProject.xcdatamodel */ = {isa = PBXFileReference; lastKnownFileType = wrapper.xcdatamodel; path = RileyCohnFinalProject.xcdatamodel; sourceTree = "<group>"; };
		4B8B079E1E7DBAD7008D75F0 /* Assets.xcassets */ = {isa = PBXFileReference; lastKnownFileType = folder.assetcatalog; path = Assets.xcassets; sourceTree = "<group>"; };
		4B8B07A11E7DBAD7008D75F0 /* Base */ = {isa = PBXFileReference; lastKnownFileType = file.storyboard; name = Base; path = Base.lproj/LaunchScreen.storyboard; sourceTree = "<group>"; };
		4B8B07A31E7DBAD7008D75F0 /* Info.plist */ = {isa = PBXFileReference; lastKnownFileType = text.plist.xml; path = Info.plist; sourceTree = "<group>"; };
		4B8B07A91E7DBF18008D75F0 /* DetailViewController.swift */ = {isa = PBXFileReference; fileEncoding = 4; lastKnownFileType = sourcecode.swift; path = DetailViewController.swift; sourceTree = "<group>"; };
		4B8B07AB1E7DC4C5008D75F0 /* GoogleService-Info.plist */ = {isa = PBXFileReference; fileEncoding = 4; lastKnownFileType = text.plist.xml; path = "GoogleService-Info.plist"; sourceTree = "<group>"; };
		4B935E101EA43DA70022EA6A /* Post.swift */ = {isa = PBXFileReference; fileEncoding = 4; lastKnownFileType = sourcecode.swift; path = Post.swift; sourceTree = "<group>"; };
		4B935E121EA43EA40022EA6A /* User.swift */ = {isa = PBXFileReference; fileEncoding = 4; lastKnownFileType = sourcecode.swift; path = User.swift; sourceTree = "<group>"; };
		4B935E141EA45ADF0022EA6A /* LogInViewController.swift */ = {isa = PBXFileReference; fileEncoding = 4; lastKnownFileType = sourcecode.swift; path = LogInViewController.swift; sourceTree = "<group>"; };
		4B935E161EA45BB90022EA6A /* RegisterViewController.swift */ = {isa = PBXFileReference; fileEncoding = 4; lastKnownFileType = sourcecode.swift; path = RegisterViewController.swift; sourceTree = "<group>"; };
		4B935E181EA469660022EA6A /* Comment.swift */ = {isa = PBXFileReference; fileEncoding = 4; lastKnownFileType = sourcecode.swift; path = Comment.swift; sourceTree = "<group>"; };
		4BB323871EA2DD8F00C5C35B /* RileyCohnFinalProject.entitlements */ = {isa = PBXFileReference; lastKnownFileType = text.plist.entitlements; path = RileyCohnFinalProject.entitlements; sourceTree = "<group>"; };
		4BB3238A1EA2DDCB00C5C35B /* CloudKit.framework */ = {isa = PBXFileReference; lastKnownFileType = wrapper.framework; name = CloudKit.framework; path = System/Library/Frameworks/CloudKit.framework; sourceTree = SDKROOT; };
		4BB739E11E8077B6006320BF /* star.png */ = {isa = PBXFileReference; lastKnownFileType = image.png; path = star.png; sourceTree = "<group>"; };
		4BC200DE1E7F218D0049D469 /* NewPostViewController.swift */ = {isa = PBXFileReference; fileEncoding = 4; lastKnownFileType = sourcecode.swift; path = NewPostViewController.swift; sourceTree = "<group>"; };
		4BC200E01E7F2D0E0049D469 /* MenuViewController.swift */ = {isa = PBXFileReference; fileEncoding = 4; lastKnownFileType = sourcecode.swift; path = MenuViewController.swift; sourceTree = "<group>"; };
		4BC200E21E7F2D9B0049D469 /* profilePic.png */ = {isa = PBXFileReference; lastKnownFileType = image.png; path = profilePic.png; sourceTree = "<group>"; };
		4BC200E41E7F38080049D469 /* NewCommentViewController.swift */ = {isa = PBXFileReference; fileEncoding = 4; lastKnownFileType = sourcecode.swift; path = NewCommentViewController.swift; sourceTree = "<group>"; };
		4BD1A7161E807C0000266345 /* FavoritesViewController.swift */ = {isa = PBXFileReference; fileEncoding = 4; lastKnownFileType = sourcecode.swift; path = FavoritesViewController.swift; sourceTree = "<group>"; };
		DC9E3B267EB0518F6397639F /* Pods_RileyCohnFinalProject.framework */ = {isa = PBXFileReference; explicitFileType = wrapper.framework; includeInIndex = 0; path = Pods_RileyCohnFinalProject.framework; sourceTree = BUILT_PRODUCTS_DIR; };
		E3CBCD1314CBA0F179A9307A /* Pods-RileyCohnFinalProject.debug.xcconfig */ = {isa = PBXFileReference; includeInIndex = 1; lastKnownFileType = text.xcconfig; name = "Pods-RileyCohnFinalProject.debug.xcconfig"; path = "Pods/Target Support Files/Pods-RileyCohnFinalProject/Pods-RileyCohnFinalProject.debug.xcconfig"; sourceTree = "<group>"; };
/* End PBXFileReference section */

/* Begin PBXFrameworksBuildPhase section */
		4B8B078E1E7DBAD6008D75F0 /* Frameworks */ = {
			isa = PBXFrameworksBuildPhase;
			buildActionMask = 2147483647;
			files = (
				965E6410C4A306D3AB0549C3 /* Pods_RileyCohnFinalProject.framework in Frameworks */,
				4BB3238B1EA2DDCB00C5C35B /* CloudKit.framework in Frameworks */,
			);
			runOnlyForDeploymentPostprocessing = 0;
		};
/* End PBXFrameworksBuildPhase section */

/* Begin PBXGroup section */
		4B8B07881E7DBAD6008D75F0 = {
			isa = PBXGroup;
			children = (
				4B8B07931E7DBAD7008D75F0 /* RileyCohnFinalProject */,
				4B8B07921E7DBAD7008D75F0 /* Products */,
				F3404800D5447FF1B48A1E75 /* Pods */,
				84AB7076B172F0C3A7B64467 /* Frameworks */,
			);
			sourceTree = "<group>";
		};
		4B8B07921E7DBAD7008D75F0 /* Products */ = {
			isa = PBXGroup;
			children = (
				4B8B07911E7DBAD7008D75F0 /* RileyCohnFinalProject.app */,
			);
			name = Products;
			sourceTree = "<group>";
		};
		4B8B07931E7DBAD7008D75F0 /* RileyCohnFinalProject */ = {
			isa = PBXGroup;
			children = (
				4BB323871EA2DD8F00C5C35B /* RileyCohnFinalProject.entitlements */,
				4B8B07AB1E7DC4C5008D75F0 /* GoogleService-Info.plist */,
				4B8B07941E7DBAD7008D75F0 /* AppDelegate.swift */,
				4BC200E21E7F2D9B0049D469 /* profilePic.png */,
				4B8B07961E7DBAD7008D75F0 /* ViewController.swift */,
				4BB739E11E8077B6006320BF /* star.png */,
				4B8B07981E7DBAD7008D75F0 /* Main.storyboard */,
				4B8B079E1E7DBAD7008D75F0 /* Assets.xcassets */,
				4B8B07A01E7DBAD7008D75F0 /* LaunchScreen.storyboard */,
				4B8B07A31E7DBAD7008D75F0 /* Info.plist */,
				4B8B079B1E7DBAD7008D75F0 /* RileyCohnFinalProject.xcdatamodeld */,
				4B8B07A91E7DBF18008D75F0 /* DetailViewController.swift */,
				4BC200DE1E7F218D0049D469 /* NewPostViewController.swift */,
				4BC200E01E7F2D0E0049D469 /* MenuViewController.swift */,
				4BC200E41E7F38080049D469 /* NewCommentViewController.swift */,
				4BD1A7161E807C0000266345 /* FavoritesViewController.swift */,
				4B935E101EA43DA70022EA6A /* Post.swift */,
				4B935E121EA43EA40022EA6A /* User.swift */,
				4B935E141EA45ADF0022EA6A /* LogInViewController.swift */,
				4B935E161EA45BB90022EA6A /* RegisterViewController.swift */,
				4B935E181EA469660022EA6A /* Comment.swift */,
			);
			path = RileyCohnFinalProject;
			sourceTree = "<group>";
		};
		84AB7076B172F0C3A7B64467 /* Frameworks */ = {
			isa = PBXGroup;
			children = (
				4BB3238A1EA2DDCB00C5C35B /* CloudKit.framework */,
				DC9E3B267EB0518F6397639F /* Pods_RileyCohnFinalProject.framework */,
			);
			name = Frameworks;
			sourceTree = "<group>";
		};
		F3404800D5447FF1B48A1E75 /* Pods */ = {
			isa = PBXGroup;
			children = (
				E3CBCD1314CBA0F179A9307A /* Pods-RileyCohnFinalProject.debug.xcconfig */,
				460C28CEDCA504692F7BDACA /* Pods-RileyCohnFinalProject.release.xcconfig */,
			);
			name = Pods;
			sourceTree = "<group>";
		};
/* End PBXGroup section */

/* Begin PBXNativeTarget section */
		4B8B07901E7DBAD6008D75F0 /* RileyCohnFinalProject */ = {
			isa = PBXNativeTarget;
			buildConfigurationList = 4B8B07A61E7DBAD7008D75F0 /* Build configuration list for PBXNativeTarget "RileyCohnFinalProject" */;
			buildPhases = (
				94387C79E16EBE5477E97D48 /* [CP] Check Pods Manifest.lock */,
				4B8B078D1E7DBAD6008D75F0 /* Sources */,
				4B8B078E1E7DBAD6008D75F0 /* Frameworks */,
				4B8B078F1E7DBAD6008D75F0 /* Resources */,
				CEC2B3FC1922E11CE779446A /* [CP] Embed Pods Frameworks */,
				00B94552D05BAD46D440305B /* [CP] Copy Pods Resources */,
			);
			buildRules = (
			);
			dependencies = (
			);
			name = RileyCohnFinalProject;
			productName = RileyCohnFinalProject;
			productReference = 4B8B07911E7DBAD7008D75F0 /* RileyCohnFinalProject.app */;
			productType = "com.apple.product-type.application";
		};
/* End PBXNativeTarget section */

/* Begin PBXProject section */
		4B8B07891E7DBAD6008D75F0 /* Project object */ = {
			isa = PBXProject;
			attributes = {
				LastSwiftUpdateCheck = 0820;
				LastUpgradeCheck = 0820;
				ORGANIZATIONNAME = ASU;
				TargetAttributes = {
					4B8B07901E7DBAD6008D75F0 = {
						CreatedOnToolsVersion = 8.2.1;
						DevelopmentTeam = BWSLUFSJRA;
						ProvisioningStyle = Automatic;
						SystemCapabilities = {
							com.apple.Push = {
								enabled = 1;
							};
							com.apple.iCloud = {
								enabled = 1;
							};
						};
					};
				};
			};
			buildConfigurationList = 4B8B078C1E7DBAD6008D75F0 /* Build configuration list for PBXProject "RileyCohnFinalProject" */;
			compatibilityVersion = "Xcode 3.2";
			developmentRegion = English;
			hasScannedForEncodings = 0;
			knownRegions = (
				en,
				Base,
			);
			mainGroup = 4B8B07881E7DBAD6008D75F0;
			productRefGroup = 4B8B07921E7DBAD7008D75F0 /* Products */;
			projectDirPath = "";
			projectRoot = "";
			targets = (
				4B8B07901E7DBAD6008D75F0 /* RileyCohnFinalProject */,
			);
		};
/* End PBXProject section */

/* Begin PBXResourcesBuildPhase section */
		4B8B078F1E7DBAD6008D75F0 /* Resources */ = {
			isa = PBXResourcesBuildPhase;
			buildActionMask = 2147483647;
			files = (
				4B8B07A21E7DBAD7008D75F0 /* LaunchScreen.storyboard in Resources */,
				4B8B07AC1E7DC4C5008D75F0 /* GoogleService-Info.plist in Resources */,
				4B8B079F1E7DBAD7008D75F0 /* Assets.xcassets in Resources */,
				4B8B079A1E7DBAD7008D75F0 /* Main.storyboard in Resources */,
				4BC200E31E7F2D9B0049D469 /* profilePic.png in Resources */,
				4BB739E21E8077B6006320BF /* star.png in Resources */,
			);
			runOnlyForDeploymentPostprocessing = 0;
		};
/* End PBXResourcesBuildPhase section */

/* Begin PBXShellScriptBuildPhase section */
		00B94552D05BAD46D440305B /* [CP] Copy Pods Resources */ = {
			isa = PBXShellScriptBuildPhase;
			buildActionMask = 2147483647;
			files = (
			);
			inputPaths = (
			);
			name = "[CP] Copy Pods Resources";
			outputPaths = (
			);
			runOnlyForDeploymentPostprocessing = 0;
			shellPath = /bin/sh;
			shellScript = "\"${SRCROOT}/Pods/Target Support Files/Pods-RileyCohnFinalProject/Pods-RileyCohnFinalProject-resources.sh\"\n";
			showEnvVarsInLog = 0;
		};
		94387C79E16EBE5477E97D48 /* [CP] Check Pods Manifest.lock */ = {
			isa = PBXShellScriptBuildPhase;
			buildActionMask = 2147483647;
			files = (
			);
			inputPaths = (
			);
			name = "[CP] Check Pods Manifest.lock";
			outputPaths = (
			);
			runOnlyForDeploymentPostprocessing = 0;
			shellPath = /bin/sh;
			shellScript = "diff \"${PODS_ROOT}/../Podfile.lock\" \"${PODS_ROOT}/Manifest.lock\" > /dev/null\nif [ $? != 0 ] ; then\n    # print error to STDERR\n    echo \"error: The sandbox is not in sync with the Podfile.lock. Run 'pod install' or update your CocoaPods installation.\" >&2\n    exit 1\nfi\n";
			showEnvVarsInLog = 0;
		};
		CEC2B3FC1922E11CE779446A /* [CP] Embed Pods Frameworks */ = {
			isa = PBXShellScriptBuildPhase;
			buildActionMask = 2147483647;
			files = (
			);
			inputPaths = (
			);
			name = "[CP] Embed Pods Frameworks";
			outputPaths = (
			);
			runOnlyForDeploymentPostprocessing = 0;
			shellPath = /bin/sh;
			shellScript = "\"${SRCROOT}/Pods/Target Support Files/Pods-RileyCohnFinalProject/Pods-RileyCohnFinalProject-frameworks.sh\"\n";
			showEnvVarsInLog = 0;
		};
/* End PBXShellScriptBuildPhase section */

/* Begin PBXSourcesBuildPhase section */
		4B8B078D1E7DBAD6008D75F0 /* Sources */ = {
			isa = PBXSourcesBuildPhase;
			buildActionMask = 2147483647;
			files = (
				4B8B079D1E7DBAD7008D75F0 /* RileyCohnFinalProject.xcdatamodeld in Sources */,
				4BC200E51E7F38080049D469 /* NewCommentViewController.swift in Sources */,
				4B935E151EA45ADF0022EA6A /* LogInViewController.swift in Sources */,
				4B935E171EA45BB90022EA6A /* RegisterViewController.swift in Sources */,
				4BD1A7171E807C0000266345 /* FavoritesViewController.swift in Sources */,
				4BC200E11E7F2D0E0049D469 /* MenuViewController.swift in Sources */,
				4B8B07971E7DBAD7008D75F0 /* ViewController.swift in Sources */,
				4B8B07951E7DBAD7008D75F0 /* AppDelegate.swift in Sources */,
				4B935E191EA469660022EA6A /* Comment.swift in Sources */,
				4B935E111EA43DA70022EA6A /* Post.swift in Sources */,
				4B8B07AA1E7DBF18008D75F0 /* DetailViewController.swift in Sources */,
				4B935E131EA43EA40022EA6A /* User.swift in Sources */,
				4BC200DF1E7F218D0049D469 /* NewPostViewController.swift in Sources */,
			);
			runOnlyForDeploymentPostprocessing = 0;
		};
/* End PBXSourcesBuildPhase section */

/* Begin PBXVariantGroup section */
		4B8B07981E7DBAD7008D75F0 /* Main.storyboard */ = {
			isa = PBXVariantGroup;
			children = (
				4B8B07991E7DBAD7008D75F0 /* Base */,
			);
			name = Main.storyboard;
			sourceTree = "<group>";
		};
		4B8B07A01E7DBAD7008D75F0 /* LaunchScreen.storyboard */ = {
			isa = PBXVariantGroup;
			children = (
				4B8B07A11E7DBAD7008D75F0 /* Base */,
			);
			name = LaunchScreen.storyboard;
			sourceTree = "<group>";
		};
/* End PBXVariantGroup section */

/* Begin XCBuildConfiguration section */
		4B8B07A41E7DBAD7008D75F0 /* Debug */ = {
			isa = XCBuildConfiguration;
			buildSettings = {
				ALWAYS_SEARCH_USER_PATHS = NO;
				CLANG_ANALYZER_NONNULL = YES;
				CLANG_CXX_LANGUAGE_STANDARD = "gnu++0x";
				CLANG_CXX_LIBRARY = "libc++";
				CLANG_ENABLE_MODULES = YES;
				CLANG_ENABLE_OBJC_ARC = YES;
				CLANG_WARN_BOOL_CONVERSION = YES;
				CLANG_WARN_CONSTANT_CONVERSION = YES;
				CLANG_WARN_DIRECT_OBJC_ISA_USAGE = YES_ERROR;
				CLANG_WARN_DOCUMENTATION_COMMENTS = YES;
				CLANG_WARN_EMPTY_BODY = YES;
				CLANG_WARN_ENUM_CONVERSION = YES;
				CLANG_WARN_INFINITE_RECURSION = YES;
				CLANG_WARN_INT_CONVERSION = YES;
				CLANG_WARN_OBJC_ROOT_CLASS = YES_ERROR;
				CLANG_WARN_SUSPICIOUS_MOVE = YES;
				CLANG_WARN_UNREACHABLE_CODE = YES;
				CLANG_WARN__DUPLICATE_METHOD_MATCH = YES;
				"CODE_SIGN_IDENTITY[sdk=iphoneos*]" = "iPhone Developer";
				COPY_PHASE_STRIP = NO;
				DEBUG_INFORMATION_FORMAT = dwarf;
				ENABLE_STRICT_OBJC_MSGSEND = YES;
				ENABLE_TESTABILITY = YES;
				GCC_C_LANGUAGE_STANDARD = gnu99;
				GCC_DYNAMIC_NO_PIC = NO;
				GCC_NO_COMMON_BLOCKS = YES;
				GCC_OPTIMIZATION_LEVEL = 0;
				GCC_PREPROCESSOR_DEFINITIONS = (
					"DEBUG=1",
					"$(inherited)",
				);
				GCC_WARN_64_TO_32_BIT_CONVERSION = YES;
				GCC_WARN_ABOUT_RETURN_TYPE = YES_ERROR;
				GCC_WARN_UNDECLARED_SELECTOR = YES;
				GCC_WARN_UNINITIALIZED_AUTOS = YES_AGGRESSIVE;
				GCC_WARN_UNUSED_FUNCTION = YES;
				GCC_WARN_UNUSED_VARIABLE = YES;
				IPHONEOS_DEPLOYMENT_TARGET = 10.2;
				MTL_ENABLE_DEBUG_INFO = YES;
				ONLY_ACTIVE_ARCH = YES;
				SDKROOT = iphoneos;
				SWIFT_ACTIVE_COMPILATION_CONDITIONS = DEBUG;
				SWIFT_OPTIMIZATION_LEVEL = "-Onone";
			};
			name = Debug;
		};
		4B8B07A51E7DBAD7008D75F0 /* Release */ = {
			isa = XCBuildConfiguration;
			buildSettings = {
				ALWAYS_SEARCH_USER_PATHS = NO;
				CLANG_ANALYZER_NONNULL = YES;
				CLANG_CXX_LANGUAGE_STANDARD = "gnu++0x";
				CLANG_CXX_LIBRARY = "libc++";
				CLANG_ENABLE_MODULES = YES;
				CLANG_ENABLE_OBJC_ARC = YES;
				CLANG_WARN_BOOL_CONVERSION = YES;
				CLANG_WARN_CONSTANT_CONVERSION = YES;
				CLANG_WARN_DIRECT_OBJC_ISA_USAGE = YES_ERROR;
				CLANG_WARN_DOCUMENTATION_COMMENTS = YES;
				CLANG_WARN_EMPTY_BODY = YES;
				CLANG_WARN_ENUM_CONVERSION = YES;
				CLANG_WARN_INFINITE_RECURSION = YES;
				CLANG_WARN_INT_CONVERSION = YES;
				CLANG_WARN_OBJC_ROOT_CLASS = YES_ERROR;
				CLANG_WARN_SUSPICIOUS_MOVE = YES;
				CLANG_WARN_UNREACHABLE_CODE = YES;
				CLANG_WARN__DUPLICATE_METHOD_MATCH = YES;
				"CODE_SIGN_IDENTITY[sdk=iphoneos*]" = "iPhone Developer";
				COPY_PHASE_STRIP = NO;
				DEBUG_INFORMATION_FORMAT = "dwarf-with-dsym";
				ENABLE_NS_ASSERTIONS = NO;
				ENABLE_STRICT_OBJC_MSGSEND = YES;
				GCC_C_LANGUAGE_STANDARD = gnu99;
				GCC_NO_COMMON_BLOCKS = YES;
				GCC_WARN_64_TO_32_BIT_CONVERSION = YES;
				GCC_WARN_ABOUT_RETURN_TYPE = YES_ERROR;
				GCC_WARN_UNDECLARED_SELECTOR = YES;
				GCC_WARN_UNINITIALIZED_AUTOS = YES_AGGRESSIVE;
				GCC_WARN_UNUSED_FUNCTION = YES;
				GCC_WARN_UNUSED_VARIABLE = YES;
				IPHONEOS_DEPLOYMENT_TARGET = 10.2;
				MTL_ENABLE_DEBUG_INFO = NO;
				SDKROOT = iphoneos;
				SWIFT_OPTIMIZATION_LEVEL = "-Owholemodule";
				VALIDATE_PRODUCT = YES;
			};
			name = Release;
		};
		4B8B07A71E7DBAD7008D75F0 /* Debug */ = {
			isa = XCBuildConfiguration;
			baseConfigurationReference = E3CBCD1314CBA0F179A9307A /* Pods-RileyCohnFinalProject.debug.xcconfig */;
			buildSettings = {
				ASSETCATALOG_COMPILER_APPICON_NAME = AppIcon;
				CODE_SIGN_ENTITLEMENTS = RileyCohnFinalProject/RileyCohnFinalProject.entitlements;
				"CODE_SIGN_IDENTITY[sdk=iphoneos*]" = "iPhone Developer";
				DEVELOPMENT_TEAM = BWSLUFSJRA;
				INFOPLIST_FILE = RileyCohnFinalProject/Info.plist;
				LD_RUNPATH_SEARCH_PATHS = "$(inherited) @executable_path/Frameworks";
				PRODUCT_BUNDLE_IDENTIFIER = asu.RileyCohnFinalProject;
				PRODUCT_NAME = "$(TARGET_NAME)";
				SWIFT_VERSION = 3.0;
			};
			name = Debug;
		};
		4B8B07A81E7DBAD7008D75F0 /* Release */ = {
			isa = XCBuildConfiguration;
			baseConfigurationReference = 460C28CEDCA504692F7BDACA /* Pods-RileyCohnFinalProject.release.xcconfig */;
			buildSettings = {
				ASSETCATALOG_COMPILER_APPICON_NAME = AppIcon;
				CODE_SIGN_ENTITLEMENTS = RileyCohnFinalProject/RileyCohnFinalProject.entitlements;
				"CODE_SIGN_IDENTITY[sdk=iphoneos*]" = "iPhone Developer";
				DEVELOPMENT_TEAM = BWSLUFSJRA;
				INFOPLIST_FILE = RileyCohnFinalProject/Info.plist;
				LD_RUNPATH_SEARCH_PATHS = "$(inherited) @executable_path/Frameworks";
				PRODUCT_BUNDLE_IDENTIFIER = asu.RileyCohnFinalProject;
				PRODUCT_NAME = "$(TARGET_NAME)";
				SWIFT_VERSION = 3.0;
			};
			name = Release;
		};
/* End XCBuildConfiguration section */

/* Begin XCConfigurationList section */
		4B8B078C1E7DBAD6008D75F0 /* Build configuration list for PBXProject "RileyCohnFinalProject" */ = {
			isa = XCConfigurationList;
			buildConfigurations = (
				4B8B07A41E7DBAD7008D75F0 /* Debug */,
				4B8B07A51E7DBAD7008D75F0 /* Release */,
			);
			defaultConfigurationIsVisible = 0;
			defaultConfigurationName = Release;
		};
		4B8B07A61E7DBAD7008D75F0 /* Build configuration list for PBXNativeTarget "RileyCohnFinalProject" */ = {
			isa = XCConfigurationList;
			buildConfigurations = (
				4B8B07A71E7DBAD7008D75F0 /* Debug */,
				4B8B07A81E7DBAD7008D75F0 /* Release */,
			);
			defaultConfigurationIsVisible = 0;
			defaultConfigurationName = Release;
		};
/* End XCConfigurationList section */

/* Begin XCVersionGroup section */
		4B8B079B1E7DBAD7008D75F0 /* RileyCohnFinalProject.xcdatamodeld */ = {
			isa = XCVersionGroup;
			children = (
				4B8B079C1E7DBAD7008D75F0 /* RileyCohnFinalProject.xcdatamodel */,
			);
			currentVersion = 4B8B079C1E7DBAD7008D75F0 /* RileyCohnFinalProject.xcdatamodel */;
			path = RileyCohnFinalProject.xcdatamodeld;
			sourceTree = "<group>";
			versionGroupType = wrapper.xcdatamodel;
		};
/* End XCVersionGroup section */
	};
	rootObject = 4B8B07891E7DBAD6008D75F0 /* Project object */;
}
